// !$*UTF8*$!
{
	archiveVersion = 1;
	classes = {
	};
	objectVersion = 46;
	objects = {

/* Begin PBXBuildFile section */
		560D36DD1BE6A7FC0002B928 /* AppDelegate.swift in Sources */ = {isa = PBXBuildFile; fileRef = 560D36DC1BE6A7FC0002B928 /* AppDelegate.swift */; };
		560D36DF1BE6A7FC0002B928 /* ViewController.swift in Sources */ = {isa = PBXBuildFile; fileRef = 560D36DE1BE6A7FC0002B928 /* ViewController.swift */; };
		560D36E21BE6A7FC0002B928 /* Main.storyboard in Resources */ = {isa = PBXBuildFile; fileRef = 560D36E01BE6A7FC0002B928 /* Main.storyboard */; };
		560D36E41BE6A7FC0002B928 /* Assets.xcassets in Resources */ = {isa = PBXBuildFile; fileRef = 560D36E31BE6A7FC0002B928 /* Assets.xcassets */; };
		560D36E71BE6A7FC0002B928 /* LaunchScreen.storyboard in Resources */ = {isa = PBXBuildFile; fileRef = 560D36E51BE6A7FC0002B928 /* LaunchScreen.storyboard */; };
		560D36F21BE6A7FC0002B928 /* week_2_carouselTests.swift in Sources */ = {isa = PBXBuildFile; fileRef = 560D36F11BE6A7FC0002B928 /* week_2_carouselTests.swift */; };
		560D36FD1BE6A7FC0002B928 /* week_2_carouselUITests.swift in Sources */ = {isa = PBXBuildFile; fileRef = 560D36FC1BE6A7FC0002B928 /* week_2_carouselUITests.swift */; };
		560D370B1BE6A9C50002B928 /* Common.swift in Sources */ = {isa = PBXBuildFile; fileRef = 560D370A1BE6A9C50002B928 /* Common.swift */; };
		560D370D1BE6AAB30002B928 /* IntroViewController.swift in Sources */ = {isa = PBXBuildFile; fileRef = 560D370C1BE6AAB30002B928 /* IntroViewController.swift */; };
		560D37101BE6B6620002B928 /* LoginViewController.swift in Sources */ = {isa = PBXBuildFile; fileRef = 560D370F1BE6B6620002B928 /* LoginViewController.swift */; };
		560D37121BE6DEDA0002B928 /* TutorialViewController.swift in Sources */ = {isa = PBXBuildFile; fileRef = 560D37111BE6DEDA0002B928 /* TutorialViewController.swift */; };
		560D37141BE717250002B928 /* ConversationViewController.swift in Sources */ = {isa = PBXBuildFile; fileRef = 560D37131BE717250002B928 /* ConversationViewController.swift */; };
		560D37161BE717E60002B928 /* SettingViewController.swift in Sources */ = {isa = PBXBuildFile; fileRef = 560D37151BE717E60002B928 /* SettingViewController.swift */; };
		560D37181BE71B310002B928 /* TimelineViewController.swift in Sources */ = {isa = PBXBuildFile; fileRef = 560D37171BE71B310002B928 /* TimelineViewController.swift */; };
/* End PBXBuildFile section */

/* Begin PBXContainerItemProxy section */
		560D36EE1BE6A7FC0002B928 /* PBXContainerItemProxy */ = {
			isa = PBXContainerItemProxy;
			containerPortal = 560D36D11BE6A7FC0002B928 /* Project object */;
			proxyType = 1;
			remoteGlobalIDString = 560D36D81BE6A7FC0002B928;
			remoteInfo = "week 2 carousel";
		};
		560D36F91BE6A7FC0002B928 /* PBXContainerItemProxy */ = {
			isa = PBXContainerItemProxy;
			containerPortal = 560D36D11BE6A7FC0002B928 /* Project object */;
			proxyType = 1;
			remoteGlobalIDString = 560D36D81BE6A7FC0002B928;
			remoteInfo = "week 2 carousel";
		};
/* End PBXContainerItemProxy section */

/* Begin PBXFileReference section */
		560D36D91BE6A7FC0002B928 /* week 2 carousel.app */ = {isa = PBXFileReference; explicitFileType = wrapper.application; includeInIndex = 0; path = "week 2 carousel.app"; sourceTree = BUILT_PRODUCTS_DIR; };
		560D36DC1BE6A7FC0002B928 /* AppDelegate.swift */ = {isa = PBXFileReference; lastKnownFileType = sourcecode.swift; path = AppDelegate.swift; sourceTree = "<group>"; };
		560D36DE1BE6A7FC0002B928 /* ViewController.swift */ = {isa = PBXFileReference; lastKnownFileType = sourcecode.swift; path = ViewController.swift; sourceTree = "<group>"; };
		560D36E11BE6A7FC0002B928 /* Base */ = {isa = PBXFileReference; lastKnownFileType = file.storyboard; name = Base; path = Base.lproj/Main.storyboard; sourceTree = "<group>"; };
		560D36E31BE6A7FC0002B928 /* Assets.xcassets */ = {isa = PBXFileReference; lastKnownFileType = folder.assetcatalog; path = Assets.xcassets; sourceTree = "<group>"; };
		560D36E61BE6A7FC0002B928 /* Base */ = {isa = PBXFileReference; lastKnownFileType = file.storyboard; name = Base; path = Base.lproj/LaunchScreen.storyboard; sourceTree = "<group>"; };
		560D36E81BE6A7FC0002B928 /* Info.plist */ = {isa = PBXFileReference; lastKnownFileType = text.plist.xml; path = Info.plist; sourceTree = "<group>"; };
		560D36ED1BE6A7FC0002B928 /* week 2 carouselTests.xctest */ = {isa = PBXFileReference; explicitFileType = wrapper.cfbundle; includeInIndex = 0; path = "week 2 carouselTests.xctest"; sourceTree = BUILT_PRODUCTS_DIR; };
		560D36F11BE6A7FC0002B928 /* week_2_carouselTests.swift */ = {isa = PBXFileReference; lastKnownFileType = sourcecode.swift; path = week_2_carouselTests.swift; sourceTree = "<group>"; };
		560D36F31BE6A7FC0002B928 /* Info.plist */ = {isa = PBXFileReference; lastKnownFileType = text.plist.xml; path = Info.plist; sourceTree = "<group>"; };
		560D36F81BE6A7FC0002B928 /* week 2 carouselUITests.xctest */ = {isa = PBXFileReference; explicitFileType = wrapper.cfbundle; includeInIndex = 0; path = "week 2 carouselUITests.xctest"; sourceTree = BUILT_PRODUCTS_DIR; };
		560D36FC1BE6A7FC0002B928 /* week_2_carouselUITests.swift */ = {isa = PBXFileReference; lastKnownFileType = sourcecode.swift; path = week_2_carouselUITests.swift; sourceTree = "<group>"; };
		560D36FE1BE6A7FC0002B928 /* Info.plist */ = {isa = PBXFileReference; lastKnownFileType = text.plist.xml; path = Info.plist; sourceTree = "<group>"; };
		560D370A1BE6A9C50002B928 /* Common.swift */ = {isa = PBXFileReference; fileEncoding = 4; lastKnownFileType = sourcecode.swift; path = Common.swift; sourceTree = "<group>"; };
		560D370C1BE6AAB30002B928 /* IntroViewController.swift */ = {isa = PBXFileReference; fileEncoding = 4; lastKnownFileType = sourcecode.swift; path = IntroViewController.swift; sourceTree = "<group>"; };
		560D370F1BE6B6620002B928 /* LoginViewController.swift */ = {isa = PBXFileReference; fileEncoding = 4; lastKnownFileType = sourcecode.swift; path = LoginViewController.swift; sourceTree = "<group>"; };
		560D37111BE6DEDA0002B928 /* TutorialViewController.swift */ = {isa = PBXFileReference; fileEncoding = 4; lastKnownFileType = sourcecode.swift; path = TutorialViewController.swift; sourceTree = "<group>"; };
		560D37131BE717250002B928 /* ConversationViewController.swift */ = {isa = PBXFileReference; fileEncoding = 4; lastKnownFileType = sourcecode.swift; path = ConversationViewController.swift; sourceTree = "<group>"; };
		560D37151BE717E60002B928 /* SettingViewController.swift */ = {isa = PBXFileReference; fileEncoding = 4; lastKnownFileType = sourcecode.swift; path = SettingViewController.swift; sourceTree = "<group>"; };
		560D37171BE71B310002B928 /* TimelineViewController.swift */ = {isa = PBXFileReference; fileEncoding = 4; lastKnownFileType = sourcecode.swift; path = TimelineViewController.swift; sourceTree = "<group>"; };
/* End PBXFileReference section */

/* Begin PBXFrameworksBuildPhase section */
		560D36D61BE6A7FC0002B928 /* Frameworks */ = {
			isa = PBXFrameworksBuildPhase;
			buildActionMask = 2147483647;
			files = (
			);
			runOnlyForDeploymentPostprocessing = 0;
		};
		560D36EA1BE6A7FC0002B928 /* Frameworks */ = {
			isa = PBXFrameworksBuildPhase;
			buildActionMask = 2147483647;
			files = (
			);
			runOnlyForDeploymentPostprocessing = 0;
		};
		560D36F51BE6A7FC0002B928 /* Frameworks */ = {
			isa = PBXFrameworksBuildPhase;
			buildActionMask = 2147483647;
			files = (
			);
			runOnlyForDeploymentPostprocessing = 0;
		};
/* End PBXFrameworksBuildPhase section */

/* Begin PBXGroup section */
		560D36D01BE6A7FC0002B928 = {
			isa = PBXGroup;
			children = (
				560D36DB1BE6A7FC0002B928 /* week 2 carousel */,
				560D36F01BE6A7FC0002B928 /* week 2 carouselTests */,
				560D36FB1BE6A7FC0002B928 /* week 2 carouselUITests */,
				560D36DA1BE6A7FC0002B928 /* Products */,
			);
			sourceTree = "<group>";
		};
		560D36DA1BE6A7FC0002B928 /* Products */ = {
			isa = PBXGroup;
			children = (
				560D36D91BE6A7FC0002B928 /* week 2 carousel.app */,
				560D36ED1BE6A7FC0002B928 /* week 2 carouselTests.xctest */,
				560D36F81BE6A7FC0002B928 /* week 2 carouselUITests.xctest */,
			);
			name = Products;
			sourceTree = "<group>";
		};
		560D36DB1BE6A7FC0002B928 /* week 2 carousel */ = {
			isa = PBXGroup;
			children = (
				560D370A1BE6A9C50002B928 /* Common.swift */,
				560D36DC1BE6A7FC0002B928 /* AppDelegate.swift */,
				560D370E1BE6AAC60002B928 /* View Controllers */,
				560D36DE1BE6A7FC0002B928 /* ViewController.swift */,
				560D36E01BE6A7FC0002B928 /* Main.storyboard */,
				560D36E31BE6A7FC0002B928 /* Assets.xcassets */,
				560D36E51BE6A7FC0002B928 /* LaunchScreen.storyboard */,
				560D36E81BE6A7FC0002B928 /* Info.plist */,
			);
			path = "week 2 carousel";
			sourceTree = "<group>";
		};
		560D36F01BE6A7FC0002B928 /* week 2 carouselTests */ = {
			isa = PBXGroup;
			children = (
				560D36F11BE6A7FC0002B928 /* week_2_carouselTests.swift */,
				560D36F31BE6A7FC0002B928 /* Info.plist */,
			);
			path = "week 2 carouselTests";
			sourceTree = "<group>";
		};
		560D36FB1BE6A7FC0002B928 /* week 2 carouselUITests */ = {
			isa = PBXGroup;
			children = (
				560D36FC1BE6A7FC0002B928 /* week_2_carouselUITests.swift */,
				560D36FE1BE6A7FC0002B928 /* Info.plist */,
			);
			path = "week 2 carouselUITests";
			sourceTree = "<group>";
		};
		560D370E1BE6AAC60002B928 /* View Controllers */ = {
			isa = PBXGroup;
			children = (
				560D370F1BE6B6620002B928 /* LoginViewController.swift */,
				560D37111BE6DEDA0002B928 /* TutorialViewController.swift */,
				560D37131BE717250002B928 /* ConversationViewController.swift */,
				560D37151BE717E60002B928 /* SettingViewController.swift */,
				560D37171BE71B310002B928 /* TimelineViewController.swift */,
				560D370C1BE6AAB30002B928 /* IntroViewController.swift */,
			);
			name = "View Controllers";
			sourceTree = "<group>";
		};
/* End PBXGroup section */

/* Begin PBXNativeTarget section */
		560D36D81BE6A7FC0002B928 /* week 2 carousel */ = {
			isa = PBXNativeTarget;
			buildConfigurationList = 560D37011BE6A7FC0002B928 /* Build configuration list for PBXNativeTarget "week 2 carousel" */;
			buildPhases = (
				560D36D51BE6A7FC0002B928 /* Sources */,
				560D36D61BE6A7FC0002B928 /* Frameworks */,
				560D36D71BE6A7FC0002B928 /* Resources */,
			);
			buildRules = (
			);
			dependencies = (
			);
			name = "week 2 carousel";
			productName = "week 2 carousel";
			productReference = 560D36D91BE6A7FC0002B928 /* week 2 carousel.app */;
			productType = "com.apple.product-type.application";
		};
		560D36EC1BE6A7FC0002B928 /* week 2 carouselTests */ = {
			isa = PBXNativeTarget;
			buildConfigurationList = 560D37041BE6A7FC0002B928 /* Build configuration list for PBXNativeTarget "week 2 carouselTests" */;
			buildPhases = (
				560D36E91BE6A7FC0002B928 /* Sources */,
				560D36EA1BE6A7FC0002B928 /* Frameworks */,
				560D36EB1BE6A7FC0002B928 /* Resources */,
			);
			buildRules = (
			);
			dependencies = (
				560D36EF1BE6A7FC0002B928 /* PBXTargetDependency */,
			);
			name = "week 2 carouselTests";
			productName = "week 2 carouselTests";
			productReference = 560D36ED1BE6A7FC0002B928 /* week 2 carouselTests.xctest */;
			productType = "com.apple.product-type.bundle.unit-test";
		};
		560D36F71BE6A7FC0002B928 /* week 2 carouselUITests */ = {
			isa = PBXNativeTarget;
			buildConfigurationList = 560D37071BE6A7FC0002B928 /* Build configuration list for PBXNativeTarget "week 2 carouselUITests" */;
			buildPhases = (
				560D36F41BE6A7FC0002B928 /* Sources */,
				560D36F51BE6A7FC0002B928 /* Frameworks */,
				560D36F61BE6A7FC0002B928 /* Resources */,
			);
			buildRules = (
			);
			dependencies = (
				560D36FA1BE6A7FC0002B928 /* PBXTargetDependency */,
			);
			name = "week 2 carouselUITests";
			productName = "week 2 carouselUITests";
			productReference = 560D36F81BE6A7FC0002B928 /* week 2 carouselUITests.xctest */;
			productType = "com.apple.product-type.bundle.ui-testing";
		};
/* End PBXNativeTarget section */

/* Begin PBXProject section */
		560D36D11BE6A7FC0002B928 /* Project object */ = {
			isa = PBXProject;
			attributes = {
				LastSwiftUpdateCheck = 0710;
				LastUpgradeCheck = 0710;
				ORGANIZATIONNAME = "Peiyu Liu";
				TargetAttributes = {
					560D36D81BE6A7FC0002B928 = {
						CreatedOnToolsVersion = 7.1;
					};
					560D36EC1BE6A7FC0002B928 = {
						CreatedOnToolsVersion = 7.1;
						TestTargetID = 560D36D81BE6A7FC0002B928;
					};
					560D36F71BE6A7FC0002B928 = {
						CreatedOnToolsVersion = 7.1;
						TestTargetID = 560D36D81BE6A7FC0002B928;
					};
				};
			};
			buildConfigurationList = 560D36D41BE6A7FC0002B928 /* Build configuration list for PBXProject "week 2 carousel" */;
			compatibilityVersion = "Xcode 3.2";
			developmentRegion = English;
			hasScannedForEncodings = 0;
			knownRegions = (
				en,
				Base,
			);
			mainGroup = 560D36D01BE6A7FC0002B928;
			productRefGroup = 560D36DA1BE6A7FC0002B928 /* Products */;
			projectDirPath = "";
			projectRoot = "";
			targets = (
				560D36D81BE6A7FC0002B928 /* week 2 carousel */,
				560D36EC1BE6A7FC0002B928 /* week 2 carouselTests */,
				560D36F71BE6A7FC0002B928 /* week 2 carouselUITests */,
			);
		};
/* End PBXProject section */

/* Begin PBXResourcesBuildPhase section */
		560D36D71BE6A7FC0002B928 /* Resources */ = {
			isa = PBXResourcesBuildPhase;
			buildActionMask = 2147483647;
			files = (
				560D36E71BE6A7FC0002B928 /* LaunchScreen.storyboard in Resources */,
				560D36E41BE6A7FC0002B928 /* Assets.xcassets in Resources */,
				560D36E21BE6A7FC0002B928 /* Main.storyboard in Resources */,
			);
			runOnlyForDeploymentPostprocessing = 0;
		};
		560D36EB1BE6A7FC0002B928 /* Resources */ = {
			isa = PBXResourcesBuildPhase;
			buildActionMask = 2147483647;
			files = (
			);
			runOnlyForDeploymentPostprocessing = 0;
		};
		560D36F61BE6A7FC0002B928 /* Resources */ = {
			isa = PBXResourcesBuildPhase;
			buildActionMask = 2147483647;
			files = (
			);
			runOnlyForDeploymentPostprocessing = 0;
		};
/* End PBXResourcesBuildPhase section */

/* Begin PBXSourcesBuildPhase section */
		560D36D51BE6A7FC0002B928 /* Sources */ = {
			isa = PBXSourcesBuildPhase;
			buildActionMask = 2147483647;
			files = (
				560D37141BE717250002B928 /* ConversationViewController.swift in Sources */,
				560D36DF1BE6A7FC0002B928 /* ViewController.swift in Sources */,
				560D370B1BE6A9C50002B928 /* Common.swift in Sources */,
				560D37161BE717E60002B928 /* SettingViewController.swift in Sources */,
				560D36DD1BE6A7FC0002B928 /* AppDelegate.swift in Sources */,
				560D37181BE71B310002B928 /* TimelineViewController.swift in Sources */,
				560D37101BE6B6620002B928 /* LoginViewController.swift in Sources */,
				560D37121BE6DEDA0002B928 /* TutorialViewController.swift in Sources */,
				560D370D1BE6AAB30002B928 /* IntroViewController.swift in Sources */,
			);
			runOnlyForDeploymentPostprocessing = 0;
		};
		560D36E91BE6A7FC0002B928 /* Sources */ = {
			isa = PBXSourcesBuildPhase;
			buildActionMask = 2147483647;
			files = (
				560D36F21BE6A7FC0002B928 /* week_2_carouselTests.swift in Sources */,
			);
			runOnlyForDeploymentPostprocessing = 0;
		};
		560D36F41BE6A7FC0002B928 /* Sources */ = {
			isa = PBXSourcesBuildPhase;
			buildActionMask = 2147483647;
			files = (
				560D36FD1BE6A7FC0002B928 /* week_2_carouselUITests.swift in Sources */,
			);
			runOnlyForDeploymentPostprocessing = 0;
		};
/* End PBXSourcesBuildPhase section */

/* Begin PBXTargetDependency section */
		560D36EF1BE6A7FC0002B928 /* PBXTargetDependency */ = {
			isa = PBXTargetDependency;
			target = 560D36D81BE6A7FC0002B928 /* week 2 carousel */;
			targetProxy = 560D36EE1BE6A7FC0002B928 /* PBXContainerItemProxy */;
		};
		560D36FA1BE6A7FC0002B928 /* PBXTargetDependency */ = {
			isa = PBXTargetDependency;
			target = 560D36D81BE6A7FC0002B928 /* week 2 carousel */;
			targetProxy = 560D36F91BE6A7FC0002B928 /* PBXContainerItemProxy */;
		};
/* End PBXTargetDependency section */

/* Begin PBXVariantGroup section */
		560D36E01BE6A7FC0002B928 /* Main.storyboard */ = {
			isa = PBXVariantGroup;
			children = (
				560D36E11BE6A7FC0002B928 /* Base */,
			);
			name = Main.storyboard;
			sourceTree = "<group>";
		};
		560D36E51BE6A7FC0002B928 /* LaunchScreen.storyboard */ = {
			isa = PBXVariantGroup;
			children = (
				560D36E61BE6A7FC0002B928 /* Base */,
			);
			name = LaunchScreen.storyboard;
			sourceTree = "<group>";
		};
/* End PBXVariantGroup section */

/* Begin XCBuildConfiguration section */
		560D36FF1BE6A7FC0002B928 /* Debug */ = {
			isa = XCBuildConfiguration;
			buildSettings = {
				ALWAYS_SEARCH_USER_PATHS = NO;
				CLANG_CXX_LANGUAGE_STANDARD = "gnu++0x";
				CLANG_CXX_LIBRARY = "libc++";
				CLANG_ENABLE_MODULES = YES;
				CLANG_ENABLE_OBJC_ARC = YES;
				CLANG_WARN_BOOL_CONVERSION = YES;
				CLANG_WARN_CONSTANT_CONVERSION = YES;
				CLANG_WARN_DIRECT_OBJC_ISA_USAGE = YES_ERROR;
				CLANG_WARN_EMPTY_BODY = YES;
				CLANG_WARN_ENUM_CONVERSION = YES;
				CLANG_WARN_INT_CONVERSION = YES;
				CLANG_WARN_OBJC_ROOT_CLASS = YES_ERROR;
				CLANG_WARN_UNREACHABLE_CODE = YES;
				CLANG_WARN__DUPLICATE_METHOD_MATCH = YES;
				"CODE_SIGN_IDENTITY[sdk=iphoneos*]" = "iPhone Developer";
				COPY_PHASE_STRIP = NO;
				DEBUG_INFORMATION_FORMAT = dwarf;
				ENABLE_STRICT_OBJC_MSGSEND = YES;
				ENABLE_TESTABILITY = YES;
				GCC_C_LANGUAGE_STANDARD = gnu99;
				GCC_DYNAMIC_NO_PIC = NO;
				GCC_NO_COMMON_BLOCKS = YES;
				GCC_OPTIMIZATION_LEVEL = 0;
				GCC_PREPROCESSOR_DEFINITIONS = (
					"DEBUG=1",
					"$(inherited)",
				);
				GCC_WARN_64_TO_32_BIT_CONVERSION = YES;
				GCC_WARN_ABOUT_RETURN_TYPE = YES_ERROR;
				GCC_WARN_UNDECLARED_SELECTOR = YES;
				GCC_WARN_UNINITIALIZED_AUTOS = YES_AGGRESSIVE;
				GCC_WARN_UNUSED_FUNCTION = YES;
				GCC_WARN_UNUSED_VARIABLE = YES;
				IPHONEOS_DEPLOYMENT_TARGET = 9.1;
				MTL_ENABLE_DEBUG_INFO = YES;
				ONLY_ACTIVE_ARCH = YES;
				SDKROOT = iphoneos;
				SWIFT_OPTIMIZATION_LEVEL = "-Onone";
			};
			name = Debug;
		};
		560D37001BE6A7FC0002B928 /* Release */ = {
			isa = XCBuildConfiguration;
			buildSettings = {
				ALWAYS_SEARCH_USER_PATHS = NO;
				CLANG_CXX_LANGUAGE_STANDARD = "gnu++0x";
				CLANG_CXX_LIBRARY = "libc++";
				CLANG_ENABLE_MODULES = YES;
				CLANG_ENABLE_OBJC_ARC = YES;
				CLANG_WARN_BOOL_CONVERSION = YES;
				CLANG_WARN_CONSTANT_CONVERSION = YES;
				CLANG_WARN_DIRECT_OBJC_ISA_USAGE = YES_ERROR;
				CLANG_WARN_EMPTY_BODY = YES;
				CLANG_WARN_ENUM_CONVERSION = YES;
				CLANG_WARN_INT_CONVERSION = YES;
				CLANG_WARN_OBJC_ROOT_CLASS = YES_ERROR;
				CLANG_WARN_UNREACHABLE_CODE = YES;
				CLANG_WARN__DUPLICATE_METHOD_MATCH = YES;
				"CODE_SIGN_IDENTITY[sdk=iphoneos*]" = "iPhone Developer";
				COPY_PHASE_STRIP = NO;
				DEBUG_INFORMATION_FORMAT = "dwarf-with-dsym";
				ENABLE_NS_ASSERTIONS = NO;
				ENABLE_STRICT_OBJC_MSGSEND = YES;
				GCC_C_LANGUAGE_STANDARD = gnu99;
				GCC_NO_COMMON_BLOCKS = YES;
				GCC_WARN_64_TO_32_BIT_CONVERSION = YES;
				GCC_WARN_ABOUT_RETURN_TYPE = YES_ERROR;
				GCC_WARN_UNDECLARED_SELECTOR = YES;
				GCC_WARN_UNINITIALIZED_AUTOS = YES_AGGRESSIVE;
				GCC_WARN_UNUSED_FUNCTION = YES;
				GCC_WARN_UNUSED_VARIABLE = YES;
				IPHONEOS_DEPLOYMENT_TARGET = 9.1;
				MTL_ENABLE_DEBUG_INFO = NO;
				SDKROOT = iphoneos;
				VALIDATE_PRODUCT = YES;
			};
			name = Release;
		};
		560D37021BE6A7FC0002B928 /* Debug */ = {
			isa = XCBuildConfiguration;
			buildSettings = {
				ASSETCATALOG_COMPILER_APPICON_NAME = AppIcon;
				INFOPLIST_FILE = "week 2 carousel/Info.plist";
				LD_RUNPATH_SEARCH_PATHS = "$(inherited) @executable_path/Frameworks";
				PRODUCT_BUNDLE_IDENTIFIER = "net.peiyu.week-2-carousel";
				PRODUCT_NAME = "$(TARGET_NAME)";
			};
			name = Debug;
		};
		560D37031BE6A7FC0002B928 /* Release */ = {
			isa = XCBuildConfiguration;
			buildSettings = {
				ASSETCATALOG_COMPILER_APPICON_NAME = AppIcon;
				INFOPLIST_FILE = "week 2 carousel/Info.plist";
				LD_RUNPATH_SEARCH_PATHS = "$(inherited) @executable_path/Frameworks";
				PRODUCT_BUNDLE_IDENTIFIER = "net.peiyu.week-2-carousel";
				PRODUCT_NAME = "$(TARGET_NAME)";
			};
			name = Release;
		};
		560D37051BE6A7FC0002B928 /* Debug */ = {
			isa = XCBuildConfiguration;
			buildSettings = {
				BUNDLE_LOADER = "$(TEST_HOST)";
				INFOPLIST_FILE = "week 2 carouselTests/Info.plist";
				LD_RUNPATH_SEARCH_PATHS = "$(inherited) @executable_path/Frameworks @loader_path/Frameworks";
				PRODUCT_BUNDLE_IDENTIFIER = "net.peiyu.week-2-carouselTests";
				PRODUCT_NAME = "$(TARGET_NAME)";
				TEST_HOST = "$(BUILT_PRODUCTS_DIR)/week 2 carousel.app/week 2 carousel";
			};
			name = Debug;
		};
		560D37061BE6A7FC0002B928 /* Release */ = {
			isa = XCBuildConfiguration;
			buildSettings = {
				BUNDLE_LOADER = "$(TEST_HOST)";
				INFOPLIST_FILE = "week 2 carouselTests/Info.plist";
				LD_RUNPATH_SEARCH_PATHS = "$(inherited) @executable_path/Frameworks @loader_path/Frameworks";
				PRODUCT_BUNDLE_IDENTIFIER = "net.peiyu.week-2-carouselTests";
				PRODUCT_NAME = "$(TARGET_NAME)";
				TEST_HOST = "$(BUILT_PRODUCTS_DIR)/week 2 carousel.app/week 2 carousel";
			};
			name = Release;
		};
		560D37081BE6A7FC0002B928 /* Debug */ = {
			isa = XCBuildConfiguration;
			buildSettings = {
				INFOPLIST_FILE = "week 2 carouselUITests/Info.plist";
				LD_RUNPATH_SEARCH_PATHS = "$(inherited) @executable_path/Frameworks @loader_path/Frameworks";
				PRODUCT_BUNDLE_IDENTIFIER = "net.peiyu.week-2-carouselUITests";
				PRODUCT_NAME = "$(TARGET_NAME)";
				TEST_TARGET_NAME = "week 2 carousel";
				USES_XCTRUNNER = YES;
			};
			name = Debug;
		};
		560D37091BE6A7FC0002B928 /* Release */ = {
			isa = XCBuildConfiguration;
			buildSettings = {
				INFOPLIST_FILE = "week 2 carouselUITests/Info.plist";
				LD_RUNPATH_SEARCH_PATHS = "$(inherited) @executable_path/Frameworks @loader_path/Frameworks";
				PRODUCT_BUNDLE_IDENTIFIER = "net.peiyu.week-2-carouselUITests";
				PRODUCT_NAME = "$(TARGET_NAME)";
				TEST_TARGET_NAME = "week 2 carousel";
				USES_XCTRUNNER = YES;
			};
			name = Release;
		};
/* End XCBuildConfiguration section */

/* Begin XCConfigurationList section */
		560D36D41BE6A7FC0002B928 /* Build configuration list for PBXProject "week 2 carousel" */ = {
			isa = XCConfigurationList;
			buildConfigurations = (
				560D36FF1BE6A7FC0002B928 /* Debug */,
				560D37001BE6A7FC0002B928 /* Release */,
			);
			defaultConfigurationIsVisible = 0;
			defaultConfigurationName = Release;
		};
		560D37011BE6A7FC0002B928 /* Build configuration list for PBXNativeTarget "week 2 carousel" */ = {
			isa = XCConfigurationList;
			buildConfigurations = (
				560D37021BE6A7FC0002B928 /* Debug */,
				560D37031BE6A7FC0002B928 /* Release */,
			);
			defaultConfigurationIsVisible = 0;
		};
		560D37041BE6A7FC0002B928 /* Build configuration list for PBXNativeTarget "week 2 carouselTests" */ = {
			isa = XCConfigurationList;
			buildConfigurations = (
				560D37051BE6A7FC0002B928 /* Debug */,
				560D37061BE6A7FC0002B928 /* Release */,
			);
			defaultConfigurationIsVisible = 0;
		};
		560D37071BE6A7FC0002B928 /* Build configuration list for PBXNativeTarget "week 2 carouselUITests" */ = {
			isa = XCConfigurationList;
			buildConfigurations = (
				560D37081BE6A7FC0002B928 /* Debug */,
				560D37091BE6A7FC0002B928 /* Release */,
			);
			defaultConfigurationIsVisible = 0;
		};
/* End XCConfigurationList section */
	};
	rootObject = 560D36D11BE6A7FC0002B928 /* Project object */;
}
